<?xml version="1.0" encoding="utf-8"?>
<Project ToolsVersion="4.0" xmlns="http://schemas.microsoft.com/developer/msbuild/2003">
  <ItemGroup>
    <Filter Include="ソース ファイル">
      <UniqueIdentifier>{4FC737F1-C7A5-4376-A066-2A32D752A2FF}</UniqueIdentifier>
      <Extensions>cpp;c;cc;cxx;def;odl;idl;hpj;bat;asm;asmx</Extensions>
    </Filter>
    <Filter Include="ヘッダー ファイル">
      <UniqueIdentifier>{93995380-89BD-4b04-88EB-625FBE52EBFB}</UniqueIdentifier>
      <Extensions>h;hh;hpp;hxx;hm;inl;inc;xsd</Extensions>
    </Filter>
    <Filter Include="リソース ファイル">
      <UniqueIdentifier>{67DA6AB6-F800-4c08-8B7A-83BB121AAD01}</UniqueIdentifier>
      <Extensions>rc;ico;cur;bmp;dlg;rc2;rct;bin;rgs;gif;jpg;jpeg;jpe;resx;tiff;tif;png;wav;mfcribbon-ms</Extensions>
    </Filter>
    <Filter Include="ソース ファイル\screen関連">
      <UniqueIdentifier>{03d2587e-245a-42b4-b19e-d83a1d80026d}</UniqueIdentifier>
    </Filter>
    <Filter Include="ソース ファイル\task関連">
      <UniqueIdentifier>{fd8a1306-84a6-4a04-ad8c-fe574130c54f}</UniqueIdentifier>
    </Filter>
    <Filter Include="ヘッダー ファイル\screen関連">
      <UniqueIdentifier>{cfc1edab-e7d3-430d-99c6-168a1934f7c0}</UniqueIdentifier>
    </Filter>
    <Filter Include="ヘッダー ファイル\task関連">
      <UniqueIdentifier>{d8c5b8ad-034d-4dc8-8726-c8dee40ca549}</UniqueIdentifier>
    </Filter>
  </ItemGroup>
  <ItemGroup>
    <ClCompile Include="main.cpp">
      <Filter>ソース ファイル</Filter>
    </ClCompile>
    <ClCompile Include="game.cpp">
      <Filter>ソース ファイル</Filter>
    </ClCompile>
    <ClCompile Include="win_main.cpp">
      <Filter>ソース ファイル</Filter>
    </ClCompile>
    <ClCompile Include="myLib.cpp">
      <Filter>ソース ファイル</Filter>
    </ClCompile>
    <ClCompile Include="map.cpp">
      <Filter>ソース ファイル</Filter>
    </ClCompile>
    <ClCompile Include="player.cpp">
      <Filter>ソース ファイル</Filter>
    </ClCompile>
    <ClCompile Include="item.cpp">
      <Filter>ソース ファイル</Filter>
    </ClCompile>
    <ClCompile Include="player_manager.cpp">
      <Filter>ソース ファイル</Filter>
    </ClCompile>
    <ClCompile Include="item_manager.cpp">
      <Filter>ソース ファイル</Filter>
    </ClCompile>
    <ClCompile Include="map_manager.cpp">
      <Filter>ソース ファイル</Filter>
    </ClCompile>
    <ClCompile Include="enemy.cpp">
      <Filter>ソース ファイル</Filter>
    </ClCompile>
    <ClCompile Include="enemy_manager.cpp">
      <Filter>ソース ファイル</Filter>
    </ClCompile>
    <ClCompile Include="ui.cpp">
      <Filter>ソース ファイル</Filter>
    </ClCompile>
    <ClCompile Include="ui_manager.cpp">
      <Filter>ソース ファイル</Filter>
    </ClCompile>
    <ClCompile Include="game_screen.cpp">
      <Filter>ソース ファイル\screen関連</Filter>
    </ClCompile>
    <ClCompile Include="gameclear_screen.cpp">
      <Filter>ソース ファイル\screen関連</Filter>
    </ClCompile>
    <ClCompile Include="gamescore_screen.cpp">
      <Filter>ソース ファイル\screen関連</Filter>
    </ClCompile>
    <ClCompile Include="gametitle_screen.cpp">
      <Filter>ソース ファイル\screen関連</Filter>
    </ClCompile>
    <ClCompile Include="screen_gameover.cpp">
      <Filter>ソース ファイル\screen関連</Filter>
    </ClCompile>
    <ClCompile Include="Task\CTask.cpp">
      <Filter>ソース ファイル\task関連</Filter>
    </ClCompile>
    <ClCompile Include="Task\CTaskLinker.cpp">
      <Filter>ソース ファイル\task関連</Filter>
    </ClCompile>
    <ClCompile Include="Task\CTaskManager.cpp">
      <Filter>ソース ファイル\task関連</Filter>
    </ClCompile>
  </ItemGroup>
  <ItemGroup>
    <ClInclude Include="main.h">
      <Filter>ヘッダー ファイル</Filter>
    </ClInclude>
    <ClInclude Include="game.h">
      <Filter>ヘッダー ファイル</Filter>
    </ClInclude>
    <ClInclude Include="screen.h">
      <Filter>ヘッダー ファイル</Filter>
    </ClInclude>
    <ClInclude Include="myLib.h">
      <Filter>ヘッダー ファイル</Filter>
    </ClInclude>
    <ClInclude Include="map.h">
      <Filter>ヘッダー ファイル</Filter>
    </ClInclude>
    <ClInclude Include="CharaData.h">
      <Filter>ヘッダー ファイル</Filter>
    </ClInclude>
    <ClInclude Include="player.h">
      <Filter>ヘッダー ファイル</Filter>
    </ClInclude>
    <ClInclude Include="item.h">
      <Filter>ヘッダー ファイル</Filter>
    </ClInclude>
    <ClInclude Include="Scene\GameScene.h">
      <Filter>ヘッダー ファイル</Filter>
    </ClInclude>
    <ClInclude Include="Scene\SceneBase.h">
      <Filter>ヘッダー ファイル</Filter>
    </ClInclude>
    <ClInclude Include="Scene\SceneManager.h">
      <Filter>ヘッダー ファイル</Filter>
    </ClInclude>
    <ClInclude Include="player_manager.h">
      <Filter>ヘッダー ファイル</Filter>
    </ClInclude>
    <ClInclude Include="item_manager.h">
      <Filter>ヘッダー ファイル</Filter>
    </ClInclude>
    <ClInclude Include="map_manager.h">
      <Filter>ヘッダー ファイル</Filter>
    </ClInclude>
    <ClInclude Include="enemy.h">
      <Filter>ヘッダー ファイル</Filter>
    </ClInclude>
    <ClInclude Include="enemy_manager.h">
      <Filter>ヘッダー ファイル</Filter>
    </ClInclude>
    <ClInclude Include="ui.h">
      <Filter>ヘッダー ファイル</Filter>
    </ClInclude>
    <ClInclude Include="ui_manager.h">
      <Filter>ヘッダー ファイル</Filter>
    </ClInclude>
    <ClInclude Include="Task\CTask.h">
      <Filter>ヘッダー ファイル\task関連</Filter>
    </ClInclude>
    <ClInclude Include="Task\CTaskLinker.h">
      <Filter>ヘッダー ファイル\task関連</Filter>
    </ClInclude>
    <ClInclude Include="Task\CTaskManager.h">
      <Filter>ヘッダー ファイル\task関連</Filter>
    </ClInclude>
    <ClInclude Include="game_screen.h">
      <Filter>ヘッダー ファイル\screen関連</Filter>
    </ClInclude>
    <ClInclude Include="gameclear_screen.h">
      <Filter>ヘッダー ファイル\screen関連</Filter>
    </ClInclude>
    <ClInclude Include="gamescore_screen.h">
      <Filter>ヘッダー ファイル\screen関連</Filter>
    </ClInclude>
    <ClInclude Include="gametitle_screen.h">
      <Filter>ヘッダー ファイル\screen関連</Filter>
    </ClInclude>
    <ClInclude Include="screen_gameover.h">
      <Filter>ヘッダー ファイル\screen関連</Filter>
    </ClInclude>
  </ItemGroup>
</Project>