<?xml version="1.0" encoding="utf-8"?>
<Project ToolsVersion="4.0" xmlns="http://schemas.microsoft.com/developer/msbuild/2003">
  <ItemGroup>
    <Filter Include="ソース ファイル">
      <UniqueIdentifier>{4FC737F1-C7A5-4376-A066-2A32D752A2FF}</UniqueIdentifier>
      <Extensions>cpp;c;cc;cxx;def;odl;idl;hpj;bat;asm;asmx</Extensions>
    </Filter>
    <Filter Include="ヘッダー ファイル">
      <UniqueIdentifier>{93995380-89BD-4b04-88EB-625FBE52EBFB}</UniqueIdentifier>
      <Extensions>h;hh;hpp;hxx;hm;inl;inc;xsd</Extensions>
    </Filter>
    <Filter Include="リソース ファイル">
      <UniqueIdentifier>{67DA6AB6-F800-4c08-8B7A-83BB121AAD01}</UniqueIdentifier>
      <Extensions>rc;ico;cur;bmp;dlg;rc2;rct;bin;rgs;gif;jpg;jpeg;jpe;resx;tiff;tif;png;wav;mfcribbon-ms</Extensions>
    </Filter>
    <Filter Include="ソース ファイル\draw">
      <UniqueIdentifier>{2fbf0ffd-76bf-4b1b-baf5-75465d24948b}</UniqueIdentifier>
    </Filter>
    <Filter Include="ソース ファイル\task">
      <UniqueIdentifier>{f8356e69-11d3-4ecc-801b-1c8fc7050e25}</UniqueIdentifier>
    </Filter>
    <Filter Include="ソース ファイル\object">
      <UniqueIdentifier>{8e97c0a1-2ee2-436f-9be0-c7bdfefcfd86}</UniqueIdentifier>
    </Filter>
    <Filter Include="ソース ファイル\chara">
      <UniqueIdentifier>{fa12ac2f-bca5-4dca-b3ef-e5047040150a}</UniqueIdentifier>
    </Filter>
    <Filter Include="ソース ファイル\Scene">
      <UniqueIdentifier>{127b23ca-5306-42de-a881-7b89266fbddd}</UniqueIdentifier>
    </Filter>
  </ItemGroup>
  <ItemGroup>
    <ClCompile Include="main.cpp">
      <Filter>ソース ファイル</Filter>
    </ClCompile>
    <ClCompile Include="CKey.cpp">
      <Filter>ソース ファイル</Filter>
    </ClCompile>
    <ClCompile Include="CMain.cpp">
      <Filter>ソース ファイル</Filter>
    </ClCompile>
    <ClCompile Include="draw\CRectangle.cpp">
      <Filter>ソース ファイル\draw</Filter>
    </ClCompile>
    <ClCompile Include="draw\CTexture.cpp">
      <Filter>ソース ファイル\draw</Filter>
    </ClCompile>
    <ClCompile Include="object\CColorBall.cpp">
      <Filter>ソース ファイル\object</Filter>
    </ClCompile>
    <ClCompile Include="task\CTask.cpp">
      <Filter>ソース ファイル\task</Filter>
    </ClCompile>
    <ClCompile Include="task\CTaskLinker.cpp">
      <Filter>ソース ファイル\task</Filter>
    </ClCompile>
    <ClCompile Include="task\CTaskManager.cpp">
      <Filter>ソース ファイル\task</Filter>
    </ClCompile>
    <ClCompile Include="chara\C_Player.cpp">
      <Filter>ソース ファイル\chara</Filter>
    </ClCompile>
    <ClCompile Include="Hagi.cpp">
      <Filter>ソース ファイル\Scene</Filter>
    </ClCompile>
    <ClCompile Include="Hako.cpp">
      <Filter>ソース ファイル\Scene</Filter>
    </ClCompile>
    <ClCompile Include="Nagao.cpp">
      <Filter>ソース ファイル\Scene</Filter>
    </ClCompile>
    <ClCompile Include="CSceneGame.cpp">
      <Filter>ソース ファイル\Scene</Filter>
    </ClCompile>
    <ClCompile Include="draw\scroll.cpp">
      <Filter>ソース ファイル\draw</Filter>
    </ClCompile>
    <ClCompile Include="object\C_Object.cpp">
      <Filter>ソース ファイル\object</Filter>
    </ClCompile>
    <ClCompile Include="CVector3.cpp">
      <Filter>ソース ファイル\object</Filter>
    </ClCompile>
    <ClCompile Include="CEnemy.cpp">
      <Filter>ソース ファイル\chara</Filter>
    </ClCompile>
    <ClCompile Include="CCollider.cpp">
      <Filter>ソース ファイル</Filter>
    </ClCompile>
    <ClCompile Include="object\CDrum.cpp">
      <Filter>ソース ファイル\object</Filter>
    </ClCompile>
    <ClCompile Include="object\CManhole.cpp">
      <Filter>ソース ファイル\object</Filter>
    </ClCompile>
    <ClCompile Include="CBackGround.cpp">
      <Filter>ソース ファイル\Scene</Filter>
    </ClCompile>
  </ItemGroup>
  <ItemGroup>
    <ClInclude Include="CKey.h">
      <Filter>ソース ファイル</Filter>
    </ClInclude>
    <ClInclude Include="CMain.h">
      <Filter>ソース ファイル</Filter>
    </ClInclude>
    <ClInclude Include="draw\CRectangle.h">
      <Filter>ソース ファイル\draw</Filter>
    </ClInclude>
    <ClInclude Include="draw\CTexture.h">
      <Filter>ソース ファイル\draw</Filter>
    </ClInclude>
    <ClInclude Include="object\CColorBall.h">
      <Filter>ソース ファイル\object</Filter>
    </ClInclude>
    <ClInclude Include="task\CTask.h">
      <Filter>ソース ファイル\task</Filter>
    </ClInclude>
    <ClInclude Include="task\CTaskLinker.h">
      <Filter>ソース ファイル\task</Filter>
    </ClInclude>
    <ClInclude Include="task\CTaskManager.h">
      <Filter>ソース ファイル\task</Filter>
    </ClInclude>
    <ClInclude Include="chara\C_Player.h">
      <Filter>ソース ファイル\chara</Filter>
    </ClInclude>
    <ClInclude Include="Nagao.h">
      <Filter>ソース ファイル\Scene</Filter>
    </ClInclude>
    <ClInclude Include="Hako.h">
      <Filter>ソース ファイル\Scene</Filter>
    </ClInclude>
    <ClInclude Include="Hagi.h">
      <Filter>ソース ファイル\Scene</Filter>
    </ClInclude>
    <ClInclude Include="CSceneGame.h">
      <Filter>ソース ファイル\Scene</Filter>
    </ClInclude>
    <ClInclude Include="draw\scroll.h">
      <Filter>ソース ファイル\draw</Filter>
    </ClInclude>
    <ClInclude Include="object\C_Object.h">
      <Filter>ソース ファイル\object</Filter>
    </ClInclude>
    <ClInclude Include="object\CVector3.h">
      <Filter>ソース ファイル\object</Filter>
    </ClInclude>
    <ClInclude Include="CEnemy.h">
      <Filter>ソース ファイル\chara</Filter>
    </ClInclude>
    <ClInclude Include="CBackGround.h">
      <Filter>ソース ファイル\Scene</Filter>
    </ClInclude>
    <ClInclude Include="CCollider.h">
      <Filter>ソース ファイル</Filter>
    </ClInclude>
    <ClInclude Include="object\CDrum.h">
      <Filter>ソース ファイル\object</Filter>
    </ClInclude>
    <ClInclude Include="object\CManhole.h">
      <Filter>ソース ファイル\object</Filter>
    </ClInclude>
  </ItemGroup>
</Project>