<?xml version="1.0" encoding="utf-8"?>
<Project ToolsVersion="4.0" xmlns="http://schemas.microsoft.com/developer/msbuild/2003">
  <ItemGroup>
    <ClCompile Include="ImageResource.cpp" />
    <ClCompile Include="main.cpp" />
    <ClCompile Include="Game\CObjectBase\CEnemy\BossBase.cpp">
      <Filter>Game\Object\Chara\Enemy\BossBase</Filter>
    </ClCompile>
    <ClCompile Include="Game\CObjectBase\CEnemy\CBoss.cpp">
      <Filter>Game\Object\Chara\Enemy\Boss</Filter>
    </ClCompile>
    <ClCompile Include="Game\CObjectBase\CEnemy\CEnemy1.cpp">
      <Filter>Game\Object\Chara\Enemy\Daruma</Filter>
    </ClCompile>
    <ClCompile Include="Game\CObjectBase\CEnemy\CEnemy2.cpp">
      <Filter>Game\Object\Chara\Enemy\Chochin</Filter>
    </ClCompile>
    <ClCompile Include="Game\CObjectBase\CEnemy\CEnemy3.cpp">
      <Filter>Game\Object\Chara\Enemy\Hi</Filter>
    </ClCompile>
    <ClCompile Include="Game\CObjectBase\CEnemy\CEnemy4.cpp">
      <Filter>Game\Object\Chara\Enemy\Kamaitachi</Filter>
    </ClCompile>
    <ClCompile Include="Game\CObjectBase\CEnemy\CEnemy5.cpp">
      <Filter>Game\Object\Chara\Enemy\Niku</Filter>
    </ClCompile>
    <ClCompile Include="Game\CEnemyAI.cpp">
      <Filter>Game\Object\Chara\Enemy\AI</Filter>
    </ClCompile>
    <ClCompile Include="Game\CObjectBase\CEnemy\CEnemyBase.cpp">
      <Filter>Game\Object\Chara\Enemy\Base</Filter>
    </ClCompile>
    <ClCompile Include="Game\CObjectBase\CEnemy\CEnemyManager.cpp">
      <Filter>Game\Object\Chara\Enemy\Manager</Filter>
    </ClCompile>
    <ClCompile Include="Game\CObjectBase\CPlayer\CPlayer.cpp">
      <Filter>Game\Object\Chara\Player</Filter>
    </ClCompile>
    <ClCompile Include="Game\CObjectBase\CBB\CBB.cpp">
      <Filter>Game\Object\Pic\BB</Filter>
    </ClCompile>
    <ClCompile Include="Game\CObjectBase\CFieldBG\CFieldBamboo\CFieldBamboo.cpp">
      <Filter>Game\Object\Field\Bamboo</Filter>
    </ClCompile>
    <ClCompile Include="Game\CObjectBase\CFieldBG\CFieldCloud\CFieldCloud.cpp">
      <Filter>Game\Object\Field\Cloud</Filter>
    </ClCompile>
    <ClCompile Include="Game\CObjectBase\CFieldBG\CFieldGround\CFieldGround.cpp">
      <Filter>Game\Object\Field\Ground</Filter>
    </ClCompile>
    <ClCompile Include="Game\CObjectBase\CFieldBG\CFieldManager.cpp">
      <Filter>Game\Object\Field\Manager</Filter>
    </ClCompile>
    <ClCompile Include="Game\CObjectBase\CFieldBG\CFieldSky\CFieldSky.cpp">
      <Filter>Game\Object\Field\Sky</Filter>
    </ClCompile>
    <ClCompile Include="Game\CObjectBase\CGameStart\CGameStart.cpp">
      <Filter>Game\Object\Pic\GameStart</Filter>
    </ClCompile>
    <ClCompile Include="Game\CObjectBase\CGimmick\CGimmick2.cpp">
      <Filter>Game\Object\Gimmick\Gimmick2</Filter>
    </ClCompile>
    <ClCompile Include="Game\CObjectBase\CGo\CGo.cpp">
      <Filter>Game\Object\UI\Go</Filter>
    </ClCompile>
    <ClCompile Include="Game\CObjectBase\CGimmick\CItemBox.cpp">
      <Filter>Game\Object\Item\Box</Filter>
    </ClCompile>
    <ClCompile Include="Game\CObjectBase\CItem\CKakera\CKakera.cpp">
      <Filter>Game\Object\Item\Kakera</Filter>
    </ClCompile>
    <ClCompile Include="Game\CObjectBase\CItem\CKoban\CKoban.cpp">
      <Filter>Game\Object\Item\Koban</Filter>
    </ClCompile>
    <ClCompile Include="Game\CObjectBase\CItem\COage\COage.cpp">
      <Filter>Game\Object\Item\Oage</Filter>
    </ClCompile>
    <ClCompile Include="Game\CObjectBase\CItem\CMagatama\CMagatama.cpp">
      <Filter>Game\Object\UI\Magatama</Filter>
    </ClCompile>
    <ClCompile Include="Game\CObjectBase\CMainText\CMainText.cpp">
      <Filter>Game\Object\Pic\MainText</Filter>
    </ClCompile>
    <ClCompile Include="Game\CObjectBase\CObjectBase.cpp">
      <Filter>Game\Object\ObjectBase</Filter>
    </ClCompile>
    <ClCompile Include="Game\CObjectBase\CItem\COhuda\COhuda.cpp">
      <Filter>Game\Object\Item\Ohuda</Filter>
    </ClCompile>
    <ClCompile Include="Game\CObjectBase\CItem\CSake\CSake.cpp">
      <Filter>Game\Object\Item\Sake</Filter>
    </ClCompile>
    <ClCompile Include="Game\CScene\CSceneManager.cpp">
      <Filter>Game\System\SceneManager</Filter>
    </ClCompile>
    <ClCompile Include="Task\CTask.cpp">
      <Filter>Game\System\Task</Filter>
    </ClCompile>
    <ClCompile Include="Task\CTaskLinker.cpp">
      <Filter>Game\System\TaskLinker</Filter>
    </ClCompile>
    <ClCompile Include="Task\CTaskManager.cpp">
      <Filter>Game\System\TaskManager</Filter>
    </ClCompile>
    <ClCompile Include="Game\CObjectBase\CTitleBG\CTitleBG.cpp">
      <Filter>Game\Object\Pic\Title</Filter>
    </ClCompile>
    <ClCompile Include="Game\CScene\DebugScene\DebugScene.cpp">
      <Filter>Game\System\DebugScene</Filter>
    </ClCompile>
    <ClCompile Include="Game\CObjectBase\CEndeing\CEndeing.cpp">
      <Filter>Game\Object\Pic\Ending</Filter>
    </ClCompile>
    <ClCompile Include="Game\CObjectBase\CGimmick\CFire.cpp">
      <Filter>Game\Object\UI\Effect\Fire</Filter>
    </ClCompile>
    <ClCompile Include="Game\CObjectBase\CItem\CItemBase\CItemBase.cpp">
      <Filter>Game\Object\Item\Base</Filter>
    </ClCompile>
    <ClCompile Include="Game\CObjectBase\CMahouzin\CMahouzin.cpp">
      <Filter>Game\Object\UI\Mahouzin</Filter>
    </ClCompile>
    <ClCompile Include="Game\CObjectBase\CFieldBG\CBossStage\CBossStage.cpp">
      <Filter>Game\Object\Field\BossStage</Filter>
    </ClCompile>
    <ClCompile Include="Game\CObjectBase\CHPbar\CHPBar.cpp">
      <Filter>Game\Object\UI\CHPBar</Filter>
    </ClCompile>
    <ClCompile Include="Game\CObjectBase\CCutIn\CCutIn.cpp">
      <Filter>Game\Object\UI\CutIn</Filter>
    </ClCompile>
    <ClCompile Include="Game\CObjectBase\CPanchEF\CPanchEF.cpp">
      <Filter>Game\Object\UI\Effect\Panch</Filter>
    </ClCompile>
    <ClCompile Include="Game\CObjectBase\CEffectBase\CEffectBase.cpp">
      <Filter>Game\Object\UI\Effect\EffectBase</Filter>
    </ClCompile>
    <ClCompile Include="Game\CObjectBase\CMGHit\CMGHit.cpp">
      <Filter>Game\Object\UI\Effect\MGhit</Filter>
    </ClCompile>
    <ClCompile Include="Game\CObjectBase\CHissatuText\CHissatuText.cpp" />
  </ItemGroup>
  <ItemGroup>
    <ClInclude Include="GID.h" />
    <ClInclude Include="Global.h" />
    <ClInclude Include="ImageResource.h" />
    <ClInclude Include="stdafx.h" />
    <ClInclude Include="Game\CObjectBase\CEnemy\BossBase.h">
      <Filter>Game\Object\Chara\Enemy\BossBase</Filter>
    </ClInclude>
    <ClInclude Include="Game\CObjectBase\CEnemy\CBoss.h">
      <Filter>Game\Object\Chara\Enemy\Boss</Filter>
    </ClInclude>
    <ClInclude Include="Game\CObjectBase\CEnemy\CEnemy1.h">
      <Filter>Game\Object\Chara\Enemy\Daruma</Filter>
    </ClInclude>
    <ClInclude Include="Game\CObjectBase\CEnemy\CEnemy2.h">
      <Filter>Game\Object\Chara\Enemy\Chochin</Filter>
    </ClInclude>
    <ClInclude Include="Game\CObjectBase\CEnemy\CEnemy3.h">
      <Filter>Game\Object\Chara\Enemy\Hi</Filter>
    </ClInclude>
    <ClInclude Include="Game\CObjectBase\CEnemy\CEnemy4.h">
      <Filter>Game\Object\Chara\Enemy\Kamaitachi</Filter>
    </ClInclude>
    <ClInclude Include="Game\CObjectBase\CEnemy\CEnemy5.h">
      <Filter>Game\Object\Chara\Enemy\Niku</Filter>
    </ClInclude>
    <ClInclude Include="Game\CEnemyAI.h">
      <Filter>Game\Object\Chara\Enemy\AI</Filter>
    </ClInclude>
    <ClInclude Include="Game\CObjectBase\CEnemy\CEnemyBase.h">
      <Filter>Game\Object\Chara\Enemy\Base</Filter>
    </ClInclude>
    <ClInclude Include="Game\CObjectBase\CEnemy\CEnemyManager.h">
      <Filter>Game\Object\Chara\Enemy\Manager</Filter>
    </ClInclude>
    <ClInclude Include="Game\CObjectBase\CPlayer\CPlayer.h">
      <Filter>Game\Object\Chara\Player</Filter>
    </ClInclude>
    <ClInclude Include="Game\CObjectBase\CBB\CBB.h">
      <Filter>Game\Object\Pic\BB</Filter>
    </ClInclude>
    <ClInclude Include="Game\CObjectBase\CFieldBG\CFieldBamboo\CFieldBamboo.h">
      <Filter>Game\Object\Field\Bamboo</Filter>
    </ClInclude>
    <ClInclude Include="Game\CObjectBase\CFieldBG\CFieldCloud\CFieldCloud.h">
      <Filter>Game\Object\Field\Cloud</Filter>
    </ClInclude>
    <ClInclude Include="Game\CObjectBase\CFieldBG\CFieldGround\CFieldGround.h">
      <Filter>Game\Object\Field\Ground</Filter>
    </ClInclude>
    <ClInclude Include="Game\CObjectBase\CFieldBG\CFieldManager.h">
      <Filter>Game\Object\Field\Manager</Filter>
    </ClInclude>
    <ClInclude Include="Game\CObjectBase\CFieldBG\CFieldSky\CFieldSky.h">
      <Filter>Game\Object\Field\Sky</Filter>
    </ClInclude>
    <ClInclude Include="Game\CObjectBase\CGameStart\CGameStart.h">
      <Filter>Game\Object\Pic\GameStart</Filter>
    </ClInclude>
    <ClInclude Include="Game\CObjectBase\CGimmick\CGimmick2.h">
      <Filter>Game\Object\Gimmick\Gimmick2</Filter>
    </ClInclude>
    <ClInclude Include="Game\CObjectBase\CGo\CGo.h">
      <Filter>Game\Object\UI\Go</Filter>
    </ClInclude>
    <ClInclude Include="Game\CObjectBase\CGimmick\CItemBox.h">
      <Filter>Game\Object\Item\Box</Filter>
    </ClInclude>
    <ClInclude Include="Game\CObjectBase\CItem\CKakera\CKakera.h">
      <Filter>Game\Object\Item\Kakera</Filter>
    </ClInclude>
    <ClInclude Include="Game\CObjectBase\CItem\CKoban\CKoban.h">
      <Filter>Game\Object\Item\Koban</Filter>
    </ClInclude>
    <ClInclude Include="Game\CObjectBase\CItem\COage\COage.h">
      <Filter>Game\Object\Item\Oage</Filter>
    </ClInclude>
    <ClInclude Include="Game\CObjectBase\CItem\CMagatama\CMagatama.h">
      <Filter>Game\Object\UI\Magatama</Filter>
    </ClInclude>
    <ClInclude Include="Game\CObjectBase\CMainText\CMainText.h">
      <Filter>Game\Object\Pic\MainText</Filter>
    </ClInclude>
    <ClInclude Include="Game\CObjectBase\CObjectBase.h">
      <Filter>Game\Object\ObjectBase</Filter>
    </ClInclude>
    <ClInclude Include="Game\CObjectBase\CItem\COhuda\COhuda.h">
      <Filter>Game\Object\Item\Ohuda</Filter>
    </ClInclude>
    <ClInclude Include="Game\CObjectBase\CItem\CSake\CSake.h">
      <Filter>Game\Object\Item\Sake</Filter>
    </ClInclude>
    <ClInclude Include="Game\CScene\CSceneManager.h">
      <Filter>Game\System\SceneManager</Filter>
    </ClInclude>
    <ClInclude Include="Task\CTask.h">
      <Filter>Game\System\Task</Filter>
    </ClInclude>
    <ClInclude Include="Task\CTaskLinker.h">
      <Filter>Game\System\TaskLinker</Filter>
    </ClInclude>
    <ClInclude Include="Task\CTaskManager.h">
      <Filter>Game\System\TaskManager</Filter>
    </ClInclude>
    <ClInclude Include="Game\CObjectBase\CTitleBG\CTitleBG.h">
      <Filter>Game\Object\Pic\Title</Filter>
    </ClInclude>
    <ClInclude Include="Game\CScene\DebugScene\DebugScene.h">
      <Filter>Game\System\DebugScene</Filter>
    </ClInclude>
    <ClInclude Include="Source\Enemysource.h">
      <Filter>Game\Source</Filter>
    </ClInclude>
    <ClInclude Include="Source\Fieldsource.h">
      <Filter>Game\Source</Filter>
    </ClInclude>
    <ClInclude Include="Source\Gamesource.h">
      <Filter>Game\Source</Filter>
    </ClInclude>
    <ClInclude Include="Game\CObjectBase\CEndeing\CEndeing.h">
      <Filter>Game\Object\Pic\Ending</Filter>
    </ClInclude>
    <ClInclude Include="Game\CObjectBase\CGimmick\CFire.h">
      <Filter>Game\Object\UI\Effect\Fire</Filter>
    </ClInclude>
    <ClInclude Include="Game\CObjectBase\CItem\CItemBase\CItemBase.h">
      <Filter>Game\Object\Item\Base</Filter>
    </ClInclude>
    <ClInclude Include="Source\Itemsource.h">
      <Filter>Game\Source</Filter>
    </ClInclude>
    <ClInclude Include="Game\CObjectBase\CMahouzin\CMahouzin.h">
      <Filter>Game\Object\UI\Mahouzin</Filter>
    </ClInclude>
    <ClInclude Include="Game\CObjectBase\CFieldBG\CBossStage\CBossStage.h">
      <Filter>Game\Object\Field\BossStage</Filter>
    </ClInclude>
    <ClInclude Include="Game\CObjectBase\CHPbar\CHPBar.h">
      <Filter>Game\Object\UI\CHPBar</Filter>
    </ClInclude>
    <ClInclude Include="Game\CObjectBase\CCutIn\CCutIn.h">
      <Filter>Game\Object\UI\CutIn</Filter>
    </ClInclude>
    <ClInclude Include="Game\CObjectBase\CPanchEF\CPanchEF.h">
      <Filter>Game\Object\UI\Effect\Panch</Filter>
    </ClInclude>
    <ClInclude Include="Game\CObjectBase\CEffectBase\CEffectBase.h">
      <Filter>Game\Object\UI\Effect\EffectBase</Filter>
    </ClInclude>
    <ClInclude Include="Game\CObjectBase\CMGHit\CMGHit.h">
      <Filter>Game\Object\UI\Effect\MGhit</Filter>
    </ClInclude>
    <ClInclude Include="Game\CObjectBase\CHissatuText\CHissatuText.h">
      <Filter>Game\Object\Pic\HissatuText</Filter>
    </ClInclude>
  </ItemGroup>
  <ItemGroup>
    <Filter Include="Game">
      <UniqueIdentifier>{52f51a3d-db5a-41a4-8144-0ac564fdacf0}</UniqueIdentifier>
    </Filter>
    <Filter Include="Game\Object">
      <UniqueIdentifier>{f402c071-26a7-4d72-b4af-1a54f1f60590}</UniqueIdentifier>
    </Filter>
    <Filter Include="Game\Object\Chara">
      <UniqueIdentifier>{81e02f8d-5bc9-4f93-a3dc-7dcdb66780c5}</UniqueIdentifier>
    </Filter>
    <Filter Include="Game\Object\Chara\Enemy">
      <UniqueIdentifier>{01f756d6-689d-4056-98c3-f819dac632a4}</UniqueIdentifier>
    </Filter>
    <Filter Include="Game\Object\Chara\Enemy\BossBase">
      <UniqueIdentifier>{5d29fe93-e456-40e4-ae19-8eb208448b05}</UniqueIdentifier>
    </Filter>
    <Filter Include="Game\Object\Chara\Enemy\Boss">
      <UniqueIdentifier>{58bcc58f-3afb-4194-b25e-6e597da6bc6c}</UniqueIdentifier>
    </Filter>
    <Filter Include="Game\Object\Chara\Enemy\Daruma">
      <UniqueIdentifier>{5b822c56-e902-4efa-9fde-65b587d4e9e9}</UniqueIdentifier>
    </Filter>
    <Filter Include="Game\Object\Chara\Enemy\Chochin">
      <UniqueIdentifier>{262ebb19-456e-41a3-9504-d1daba6c7917}</UniqueIdentifier>
    </Filter>
    <Filter Include="Game\Object\Chara\Enemy\Hi">
      <UniqueIdentifier>{db20f4e0-1227-4a54-b8f9-68f5db94c052}</UniqueIdentifier>
    </Filter>
    <Filter Include="Game\Object\Chara\Enemy\Kamaitachi">
      <UniqueIdentifier>{9575b24c-a2fb-4ae7-bdfe-98f705de37b4}</UniqueIdentifier>
    </Filter>
    <Filter Include="Game\Object\Chara\Enemy\Niku">
      <UniqueIdentifier>{2c5dd2fb-4893-4955-84b1-b9dc02629841}</UniqueIdentifier>
    </Filter>
    <Filter Include="Game\Object\Chara\Enemy\AI">
      <UniqueIdentifier>{b8ea31d6-f991-48e5-89e5-da4c577c5202}</UniqueIdentifier>
    </Filter>
    <Filter Include="Game\Object\Chara\Enemy\Base">
      <UniqueIdentifier>{aa17f0fc-5a77-441d-8888-055c177f5172}</UniqueIdentifier>
    </Filter>
    <Filter Include="Game\Object\Chara\Enemy\Manager">
      <UniqueIdentifier>{0282f4a7-fe53-4aa6-a078-e9db55d522e4}</UniqueIdentifier>
    </Filter>
    <Filter Include="Game\Object\Chara\Player">
      <UniqueIdentifier>{7eedd530-e54f-452f-acce-254004e0ac37}</UniqueIdentifier>
    </Filter>
    <Filter Include="Game\Object\Field">
      <UniqueIdentifier>{3c3a4aed-57d9-4da6-9814-e1883ad54454}</UniqueIdentifier>
    </Filter>
    <Filter Include="Game\Object\Field\Bamboo">
      <UniqueIdentifier>{05116017-6a34-45ac-b810-1c3afda0d59e}</UniqueIdentifier>
    </Filter>
    <Filter Include="Game\Object\Field\Cloud">
      <UniqueIdentifier>{d8df0f7e-b0b3-43a1-b1de-7c36ecaab536}</UniqueIdentifier>
    </Filter>
    <Filter Include="Game\Object\Field\Ground">
      <UniqueIdentifier>{4c558c4c-813d-41bd-9ef4-1cc698a0b7c3}</UniqueIdentifier>
    </Filter>
    <Filter Include="Game\Object\Field\Manager">
      <UniqueIdentifier>{d43a7592-ce44-45a3-abe0-54a558f6d489}</UniqueIdentifier>
    </Filter>
    <Filter Include="Game\Object\Pic">
      <UniqueIdentifier>{f326e4cb-b1cd-48f8-964c-67afc8e986a5}</UniqueIdentifier>
    </Filter>
    <Filter Include="Game\Object\Pic\BB">
      <UniqueIdentifier>{963b43b7-e4af-4be9-a193-be96e0fcedf2}</UniqueIdentifier>
    </Filter>
    <Filter Include="Game\Object\UI">
      <UniqueIdentifier>{eb9d83a4-4cb0-4562-a18a-33fcd26137d3}</UniqueIdentifier>
    </Filter>
    <Filter Include="Game\Object\Field\Sky">
      <UniqueIdentifier>{8a991416-932b-4252-87e8-614eb392ca16}</UniqueIdentifier>
    </Filter>
    <Filter Include="Game\Object\Pic\GameStart">
      <UniqueIdentifier>{ec8d3583-f107-4ac8-8073-ed713d760e49}</UniqueIdentifier>
    </Filter>
    <Filter Include="Game\Object\Gimmick">
      <UniqueIdentifier>{c49f0e5d-0b81-44a0-a122-b2646f8a1ce7}</UniqueIdentifier>
    </Filter>
    <Filter Include="Game\Object\Gimmick\Gimmick2">
      <UniqueIdentifier>{5c0e0a79-7101-46e8-9978-a630818d6e82}</UniqueIdentifier>
    </Filter>
    <Filter Include="Game\Object\Item">
      <UniqueIdentifier>{702b9f38-8484-4adb-8655-017e9faac890}</UniqueIdentifier>
    </Filter>
    <Filter Include="Game\Object\Item\Box">
      <UniqueIdentifier>{0f9ad360-fffb-4739-b1ea-5fc0d77459c2}</UniqueIdentifier>
    </Filter>
    <Filter Include="Game\Object\Item\Kakera">
      <UniqueIdentifier>{a0299258-6725-44a2-8bee-7babe92569b8}</UniqueIdentifier>
    </Filter>
    <Filter Include="Game\Object\Item\Koban">
      <UniqueIdentifier>{4586a8f5-d9fe-400e-b71d-1ebfd05b3a1c}</UniqueIdentifier>
    </Filter>
    <Filter Include="Game\Object\Item\Oage">
      <UniqueIdentifier>{b52a445e-b919-4744-a118-587abc320c88}</UniqueIdentifier>
    </Filter>
    <Filter Include="Game\Object\UI\Magatama">
      <UniqueIdentifier>{02aab97c-2dbf-4ab8-835b-e7ae76507a94}</UniqueIdentifier>
    </Filter>
    <Filter Include="Game\Object\ObjectBase">
      <UniqueIdentifier>{71344bea-5483-4809-a458-469720133673}</UniqueIdentifier>
    </Filter>
    <Filter Include="Game\Object\Item\Ohuda">
      <UniqueIdentifier>{f2f80e49-4859-46e1-923e-b44ce917083a}</UniqueIdentifier>
    </Filter>
    <Filter Include="Game\Object\Item\Sake">
      <UniqueIdentifier>{79895c9f-4d9d-4ba7-9013-c229a65ba40e}</UniqueIdentifier>
    </Filter>
    <Filter Include="Game\System">
      <UniqueIdentifier>{c7323b12-599d-40e4-ae3d-79c441855a98}</UniqueIdentifier>
    </Filter>
    <Filter Include="Game\System\SceneManager">
      <UniqueIdentifier>{d8c93b6c-ef2f-4670-8a3c-b26f78b7700e}</UniqueIdentifier>
    </Filter>
    <Filter Include="Game\System\Task">
      <UniqueIdentifier>{938375e2-490a-4f90-92cf-ace8469b9d4e}</UniqueIdentifier>
    </Filter>
    <Filter Include="Game\System\TaskLinker">
      <UniqueIdentifier>{241361c9-a32e-4c7d-8c46-f8f8b8ba07db}</UniqueIdentifier>
    </Filter>
    <Filter Include="Game\System\TaskManager">
      <UniqueIdentifier>{96611066-6c76-49d0-b899-67e63e1a463d}</UniqueIdentifier>
    </Filter>
    <Filter Include="Game\Object\Pic\Title">
      <UniqueIdentifier>{90c213ed-2e70-4c7c-840f-bad7f5ea794c}</UniqueIdentifier>
    </Filter>
    <Filter Include="Game\System\DebugScene">
      <UniqueIdentifier>{fa47968d-1c60-4b2b-9b04-286bff1281ee}</UniqueIdentifier>
    </Filter>
    <Filter Include="Game\Source">
      <UniqueIdentifier>{59826815-d3e4-462c-8692-c9e1441a3f37}</UniqueIdentifier>
    </Filter>
    <Filter Include="Game\Object\Pic\Ending">
      <UniqueIdentifier>{a1876d1b-e5a0-45e4-9e26-f2cd10e04917}</UniqueIdentifier>
    </Filter>
    <Filter Include="Game\Object\Item\Base">
      <UniqueIdentifier>{083a0143-0488-48cf-8183-3c884fe29ff1}</UniqueIdentifier>
    </Filter>
    <Filter Include="Game\Object\UI\Go">
      <UniqueIdentifier>{36eee604-8764-40bd-ade2-bdd429da8508}</UniqueIdentifier>
    </Filter>
    <Filter Include="Game\Object\UI\Mahouzin">
      <UniqueIdentifier>{35f4f50e-3c1b-4025-ad55-7cea5e0f6e05}</UniqueIdentifier>
    </Filter>
    <Filter Include="Game\Object\UI\CHPBar">
      <UniqueIdentifier>{3b0f8943-7e83-48ad-98f2-1d00543ecda2}</UniqueIdentifier>
    </Filter>
    <Filter Include="Game\Object\UI\Effect">
      <UniqueIdentifier>{91a2b80e-2100-4349-b737-614ed2a3d56e}</UniqueIdentifier>
    </Filter>
    <Filter Include="Game\Object\UI\Effect\Panch">
      <UniqueIdentifier>{2bc1499e-9558-400b-a835-6b54c8dee65d}</UniqueIdentifier>
    </Filter>
    <Filter Include="Game\Object\UI\Effect\EffectBase">
      <UniqueIdentifier>{e4d8a82a-255b-4ca2-9d2a-6cd91544b4b1}</UniqueIdentifier>
    </Filter>
    <Filter Include="Game\Object\UI\Effect\Fire">
      <UniqueIdentifier>{3d695782-75f1-4e64-b2c2-a481b5f1c5c1}</UniqueIdentifier>
    </Filter>
    <Filter Include="Game\Object\UI\Effect\MGhit">
      <UniqueIdentifier>{08bb91d1-ef36-4e70-a6c6-156f36d6dec2}</UniqueIdentifier>
    </Filter>
    <Filter Include="Game\Object\Pic\MainText">
      <UniqueIdentifier>{735f70f0-39f2-4c60-b579-e86914510cd3}</UniqueIdentifier>
    </Filter>
    <Filter Include="Game\Object\Pic\HissatuText">
      <UniqueIdentifier>{14c0fac0-ed34-4f86-894e-a3fc9edc9f0a}</UniqueIdentifier>
    </Filter>
    <Filter Include="Game\Object\UI\CutIn">
      <UniqueIdentifier>{2c987eda-87b4-4d6b-b57d-fe1d34ed3605}</UniqueIdentifier>
    </Filter>
    <Filter Include="Game\Object\Field\BossStage">
      <UniqueIdentifier>{efdc9702-edb6-41f8-874d-16dcd71797ea}</UniqueIdentifier>
    </Filter>
  </ItemGroup>
</Project>