<?xml version="1.0" encoding="utf-8"?>
<Project ToolsVersion="4.0" xmlns="http://schemas.microsoft.com/developer/msbuild/2003">
  <ItemGroup>
    <Filter Include="ソース ファイル">
      <UniqueIdentifier>{4FC737F1-C7A5-4376-A066-2A32D752A2FF}</UniqueIdentifier>
      <Extensions>cpp;c;cc;cxx;def;odl;idl;hpj;bat;asm;asmx</Extensions>
    </Filter>
    <Filter Include="ヘッダー ファイル">
      <UniqueIdentifier>{93995380-89BD-4b04-88EB-625FBE52EBFB}</UniqueIdentifier>
      <Extensions>h;hh;hpp;hxx;hm;inl;inc;xsd</Extensions>
    </Filter>
    <Filter Include="リソース ファイル">
      <UniqueIdentifier>{67DA6AB6-F800-4c08-8B7A-83BB121AAD01}</UniqueIdentifier>
      <Extensions>rc;ico;cur;bmp;dlg;rc2;rct;bin;rgs;gif;jpg;jpeg;jpe;resx;tiff;tif;png;wav;mfcribbon-ms</Extensions>
    </Filter>
    <Filter Include="Task">
      <UniqueIdentifier>{858d0a52-7dfb-45ad-9a19-94efa91c276c}</UniqueIdentifier>
    </Filter>
    <Filter Include="Game">
      <UniqueIdentifier>{4d80ae17-12f3-447b-8098-792a7bc69029}</UniqueIdentifier>
    </Filter>
    <Filter Include="ImageResource">
      <UniqueIdentifier>{ee4e96f5-12b5-43e7-afb9-5b7ce4c2dd32}</UniqueIdentifier>
    </Filter>
    <Filter Include="Game\ObjectBase">
      <UniqueIdentifier>{4819ff7d-78c9-4741-a9f0-827ebd60884a}</UniqueIdentifier>
    </Filter>
    <Filter Include="Game\ObjectBase\Player">
      <UniqueIdentifier>{0796ae59-36f1-4168-9f62-7aaf54c3be78}</UniqueIdentifier>
    </Filter>
    <Filter Include="Game\ObjectBase\Enemy">
      <UniqueIdentifier>{9fb07884-e4ae-4bed-98b8-5244edd4ea6a}</UniqueIdentifier>
    </Filter>
    <Filter Include="Game\ObjectBase\Gimmick">
      <UniqueIdentifier>{01313ea2-920d-41ae-96f8-fa4e397c9329}</UniqueIdentifier>
    </Filter>
    <Filter Include="Game\Scene">
      <UniqueIdentifier>{3bb60d5d-eab7-47f5-93f5-8984f6c4f843}</UniqueIdentifier>
    </Filter>
    <Filter Include="Game\ObjectBase\TitleBG">
      <UniqueIdentifier>{bf551686-a7a2-4e31-b0e4-f554977eee3a}</UniqueIdentifier>
    </Filter>
    <Filter Include="Game\Source">
      <UniqueIdentifier>{a76e6143-8563-49df-b359-d854976b079b}</UniqueIdentifier>
    </Filter>
    <Filter Include="Game\ObjectBase\FieldBG">
      <UniqueIdentifier>{e7a59b18-d4f7-4c67-a2e6-5cd11d272634}</UniqueIdentifier>
    </Filter>
    <Filter Include="Game\ObjectBase\FieldBG\FieldSky">
      <UniqueIdentifier>{ebafcdab-3f78-4647-b713-67bf1841856b}</UniqueIdentifier>
    </Filter>
    <Filter Include="Game\ObjectBase\FieldBG\FieldBamboo">
      <UniqueIdentifier>{1b1b60db-289a-4c61-9a9d-573e3a042711}</UniqueIdentifier>
    </Filter>
    <Filter Include="Game\ObjectBase\FieldBG\FieldGround">
      <UniqueIdentifier>{a04c3158-3ddb-4634-a879-560808b6847d}</UniqueIdentifier>
    </Filter>
    <Filter Include="Game\ObjectBase\FieldBG\FieldCloud">
      <UniqueIdentifier>{1de45bbf-7eeb-449c-a43c-644d228792a2}</UniqueIdentifier>
    </Filter>
    <Filter Include="Game\ObjectBase\Enemy\Boss">
      <UniqueIdentifier>{a6ce175f-9b9b-4a82-9c6d-5aa476bd6757}</UniqueIdentifier>
    </Filter>
    <Filter Include="Game\ObjectBase\Enemy\Daruma">
      <UniqueIdentifier>{4a31237a-8400-4a0c-b975-8eb32aa405b2}</UniqueIdentifier>
    </Filter>
    <Filter Include="Game\ObjectBase\Enemy\Chochin">
      <UniqueIdentifier>{851fbbf7-da83-4f3c-a951-831f1f418537}</UniqueIdentifier>
    </Filter>
    <Filter Include="Game\ObjectBase\Enemy\Hi">
      <UniqueIdentifier>{6167ed35-a879-46fb-b58c-c2b308d89d9e}</UniqueIdentifier>
    </Filter>
    <Filter Include="Game\ObjectBase\Enemy\Kamaitachi">
      <UniqueIdentifier>{196cd8ee-46b1-4ddc-a049-e351fc681e3e}</UniqueIdentifier>
    </Filter>
    <Filter Include="Game\ObjectBase\Enemy\Niku">
      <UniqueIdentifier>{02189c81-5611-42b4-a767-f2ed040d9b19}</UniqueIdentifier>
    </Filter>
    <Filter Include="Game\EnemyAI">
      <UniqueIdentifier>{644f4011-c27e-438a-b457-b0dee3d44247}</UniqueIdentifier>
    </Filter>
  </ItemGroup>
  <ItemGroup>
    <ClInclude Include="GID.h">
      <Filter>ヘッダー ファイル</Filter>
    </ClInclude>
    <ClInclude Include="Global.h">
      <Filter>ヘッダー ファイル</Filter>
    </ClInclude>
    <ClInclude Include="stdafx.h">
      <Filter>ヘッダー ファイル</Filter>
    </ClInclude>
    <ClInclude Include="Gamesource.h">
      <Filter>Game\Source</Filter>
    </ClInclude>
    <ClInclude Include="ImageResource.h">
      <Filter>ImageResource</Filter>
    </ClInclude>
    <ClInclude Include="Game\CObjectBase\CObjectBase.h">
      <Filter>Game\ObjectBase</Filter>
    </ClInclude>
    <ClInclude Include="Game\CObjectBase\CPlayer\CPlayer.h">
      <Filter>Game\ObjectBase\Player</Filter>
    </ClInclude>
    <ClInclude Include="Game\CObjectBase\CGimmick\CGimmick.h">
      <Filter>Game\ObjectBase\Gimmick</Filter>
    </ClInclude>
    <ClInclude Include="Task\CTask.h">
      <Filter>Task</Filter>
    </ClInclude>
    <ClInclude Include="Task\CTaskLinker.h">
      <Filter>Task</Filter>
    </ClInclude>
    <ClInclude Include="Task\CTaskManager.h">
      <Filter>Task</Filter>
    </ClInclude>
    <ClInclude Include="Game\CObjectBase\CTitleBG\CTitleBG.h">
      <Filter>Game\ObjectBase\TitleBG</Filter>
    </ClInclude>
    <ClInclude Include="Game\CScene\CSceneManager.h">
      <Filter>Game\Scene</Filter>
    </ClInclude>
    <ClInclude Include="Game\CObjectBase\CFieldBG\CFieldBG.h">
      <Filter>Game\ObjectBase\FieldBG</Filter>
    </ClInclude>
    <ClInclude Include="Game\CObjectBase\CFieldBG\CFieldSky\CFieldSky.h">
      <Filter>Game\ObjectBase\FieldBG\FieldSky</Filter>
    </ClInclude>
    <ClInclude Include="Game\CObjectBase\CFieldBG\CFieldBamboo\CFieldBamboo.h">
      <Filter>Game\ObjectBase\FieldBG\FieldBamboo</Filter>
    </ClInclude>
    <ClInclude Include="Game\CObjectBase\CFieldBG\CFieldGround\CFieldGround.h">
      <Filter>Game\ObjectBase\FieldBG\FieldGround</Filter>
    </ClInclude>
    <ClInclude Include="Game\CObjectBase\CFieldBG\CFieldCloud\CFieldCloud.h">
      <Filter>Game\ObjectBase\FieldBG\FieldCloud</Filter>
    </ClInclude>
    <ClInclude Include="Game\CObjectBase\CGimmick\CGimmick2.h">
      <Filter>Game\ObjectBase\Gimmick</Filter>
    </ClInclude>
    <ClInclude Include="Game\CObjectBase\CEnemy\CBoss.h">
      <Filter>Game\ObjectBase\Enemy\Boss</Filter>
    </ClInclude>
    <ClInclude Include="Game\CObjectBase\CEnemy\CEnemy1.h">
      <Filter>Game\ObjectBase\Enemy\Daruma</Filter>
    </ClInclude>
    <ClInclude Include="Game\CObjectBase\CEnemy\CEnemy2.h">
      <Filter>Game\ObjectBase\Enemy\Chochin</Filter>
    </ClInclude>
    <ClInclude Include="Game\CObjectBase\CEnemy\CEnemy3.h">
      <Filter>Game\ObjectBase\Enemy\Hi</Filter>
    </ClInclude>
    <ClInclude Include="Game\CObjectBase\CEnemy\CEnemy4.h">
      <Filter>Game\ObjectBase\Enemy\Kamaitachi</Filter>
    </ClInclude>
    <ClInclude Include="Game\CObjectBase\CEnemy\CEnemy5.h">
      <Filter>Game\ObjectBase\Enemy\Niku</Filter>
    </ClInclude>
    <ClInclude Include="Game\CEnemyAI.h">
      <Filter>Game\EnemyAI</Filter>
    </ClInclude>
  </ItemGroup>
  <ItemGroup>
    <ClCompile Include="main.cpp">
      <Filter>ソース ファイル</Filter>
    </ClCompile>
    <ClCompile Include="ImageResource.cpp">
      <Filter>ImageResource</Filter>
    </ClCompile>
    <ClCompile Include="Game\CObjectBase\CObjectBase.cpp">
      <Filter>Game\ObjectBase</Filter>
    </ClCompile>
    <ClCompile Include="Game\CObjectBase\CPlayer\CPlayer.cpp">
      <Filter>Game\ObjectBase\Player</Filter>
    </ClCompile>
    <ClCompile Include="Game\CObjectBase\CGimmick\CGimmick.cpp">
      <Filter>Game\ObjectBase\Gimmick</Filter>
    </ClCompile>
    <ClCompile Include="Task\CTask.cpp">
      <Filter>Task</Filter>
    </ClCompile>
    <ClCompile Include="Task\CTaskLinker.cpp">
      <Filter>Task</Filter>
    </ClCompile>
    <ClCompile Include="Task\CTaskManager.cpp">
      <Filter>Task</Filter>
    </ClCompile>
    <ClCompile Include="Game\CScene\CSceneManager.cpp">
      <Filter>Game\Scene</Filter>
    </ClCompile>
    <ClCompile Include="Game\CObjectBase\CTitleBG\CTitleBG.cpp">
      <Filter>Game\ObjectBase\TitleBG</Filter>
    </ClCompile>
    <ClCompile Include="Game\CObjectBase\CFieldBG\CFieldBG.cpp">
      <Filter>Game\ObjectBase\FieldBG</Filter>
    </ClCompile>
    <ClCompile Include="Game\CObjectBase\CFieldBG\CFieldSky\CFieldSky.cpp">
      <Filter>Game\ObjectBase\FieldBG\FieldSky</Filter>
    </ClCompile>
    <ClCompile Include="Game\CObjectBase\CFieldBG\CFieldBamboo\CFieldBamboo.cpp">
      <Filter>Game\ObjectBase\FieldBG\FieldBamboo</Filter>
    </ClCompile>
    <ClCompile Include="Game\CObjectBase\CFieldBG\CFieldGround\CFieldGround.cpp">
      <Filter>Game\ObjectBase\FieldBG\FieldGround</Filter>
    </ClCompile>
    <ClCompile Include="Game\CObjectBase\CFieldBG\CFieldCloud\CFieldCloud.cpp">
      <Filter>Game\ObjectBase\FieldBG\FieldCloud</Filter>
    </ClCompile>
    <ClCompile Include="Game\CObjectBase\CGimmick\CGimmick2.cpp">
      <Filter>Game\ObjectBase\Gimmick</Filter>
    </ClCompile>
    <ClCompile Include="Game\CObjectBase\CEnemy\CBoss.cpp">
      <Filter>Game\ObjectBase\Enemy\Boss</Filter>
    </ClCompile>
    <ClCompile Include="Game\CObjectBase\CEnemy\CEnemy1.cpp">
      <Filter>Game\ObjectBase\Enemy\Daruma</Filter>
    </ClCompile>
    <ClCompile Include="Game\CObjectBase\CEnemy\CEnemy2.cpp">
      <Filter>Game\ObjectBase\Enemy\Chochin</Filter>
    </ClCompile>
    <ClCompile Include="Game\CObjectBase\CEnemy\CEnemy3.cpp">
      <Filter>Game\ObjectBase\Enemy\Hi</Filter>
    </ClCompile>
    <ClCompile Include="Game\CObjectBase\CEnemy\CEnemy4.cpp">
      <Filter>Game\ObjectBase\Enemy\Kamaitachi</Filter>
    </ClCompile>
    <ClCompile Include="Game\CObjectBase\CEnemy\CEnemy5.cpp">
      <Filter>Game\ObjectBase\Enemy\Niku</Filter>
    </ClCompile>
    <ClCompile Include="Game\CEnemyAI.cpp">
      <Filter>Game\EnemyAI</Filter>
    </ClCompile>
  </ItemGroup>
</Project>